
Microsoft Visual Studio Solution File, Format Version 12.00
# Visual Studio Version 17
VisualStudioVersion = 17.1.32210.238
MinimumVisualStudioVersion = 10.0.40219.1
Project("{9A19103F-16F7-4668-BE54-9A1E7A4F7556}") = "EasyOjima", "src\EasyOjima\EasyOjima.csproj", "{C52B89D8-3381-415D-A613-F98A6F2A7F0B}"
EndProject
Project("{9A19103F-16F7-4668-BE54-9A1E7A4F7556}") = "SamplePlugin_GrayscalePlugin", "src\SamplePlugin\SamplePlugin_GrayscalePlugin.csproj", "{35318A13-21B2-44C6-9130-6B77D60239C2}"
EndProject
Project("{9A19103F-16F7-4668-BE54-9A1E7A4F7556}") = "SamplePlugin_WatermarkPlugin", "src\SamplePlugin_WatermarkPlugin\SamplePlugin_WatermarkPlugin.csproj", "{B486EDDE-3B45-4FB2-8F34-F0785630042A}"
EndProject
Project("{9A19103F-16F7-4668-BE54-9A1E7A4F7556}") = "EasyOjima.Bezier", "src\EasyOjima.Bezier\EasyOjima.Bezier.csproj", "{DBAE4EFC-2B6B-455B-A337-F8CECA071828}"
EndProject
Project("{2150E333-8FDC-42A3-9474-1A3956D46DE8}") = "src", "src", "{2CE9CDFC-4EE3-4DB2-82A7-41AC2B468700}"
EndProject
Project("{2150E333-8FDC-42A3-9474-1A3956D46DE8}") = "tests", "tests", "{19EC2A74-BBB3-48BA-A5A6-31097D65D91E}"
EndProject
Project("{9A19103F-16F7-4668-BE54-9A1E7A4F7556}") = "BezierEditor", "tests\BezierEditor\BezierEditor.csproj", "{A1A860A0-7097-4308-994C-D35B3A4CFD63}"
EndProject
Project("{9A19103F-16F7-4668-BE54-9A1E7A4F7556}") = "EasyOjima.CLI", "src\EasyOjima.CLI\EasyOjima.CLI.csproj", "{95BAEB8A-5F2D-41DF-9347-BB294C3C37C3}"
EndProject
Project("{9A19103F-16F7-4668-BE54-9A1E7A4F7556}") = "CubicEquationUnitTest", "tests\CubicEquationUnitTest\CubicEquationUnitTest.csproj", "{88385AAB-774B-48E1-BC67-492DF438EDDE}"
EndProject
Project("{FAE04EC0-301F-11D3-BF4B-00C04F79EFBC}") = "EasyOjima.UserInterface", "src\EasyOjima.UserInterface\EasyOjima.UserInterface.csproj", "{CC257C1A-88BC-4A01-A07C-E096AE22A7EE}"
EndProject
Global
	GlobalSection(SolutionConfigurationPlatforms) = preSolution
		Debug|Any CPU = Debug|Any CPU
		Release|Any CPU = Release|Any CPU
	EndGlobalSection
	GlobalSection(ProjectConfigurationPlatforms) = postSolution
		{C52B89D8-3381-415D-A613-F98A6F2A7F0B}.Debug|Any CPU.ActiveCfg = Debug|Any CPU
		{C52B89D8-3381-415D-A613-F98A6F2A7F0B}.Debug|Any CPU.Build.0 = Debug|Any CPU
		{C52B89D8-3381-415D-A613-F98A6F2A7F0B}.Release|Any CPU.ActiveCfg = Release|Any CPU
		{C52B89D8-3381-415D-A613-F98A6F2A7F0B}.Release|Any CPU.Build.0 = Release|Any CPU
		{35318A13-21B2-44C6-9130-6B77D60239C2}.Debug|Any CPU.ActiveCfg = Debug|Any CPU
		{35318A13-21B2-44C6-9130-6B77D60239C2}.Debug|Any CPU.Build.0 = Debug|Any CPU
		{35318A13-21B2-44C6-9130-6B77D60239C2}.Release|Any CPU.ActiveCfg = Release|Any CPU
		{35318A13-21B2-44C6-9130-6B77D60239C2}.Release|Any CPU.Build.0 = Release|Any CPU
		{B486EDDE-3B45-4FB2-8F34-F0785630042A}.Debug|Any CPU.ActiveCfg = Debug|Any CPU
		{B486EDDE-3B45-4FB2-8F34-F0785630042A}.Debug|Any CPU.Build.0 = Debug|Any CPU
		{B486EDDE-3B45-4FB2-8F34-F0785630042A}.Release|Any CPU.ActiveCfg = Release|Any CPU
		{B486EDDE-3B45-4FB2-8F34-F0785630042A}.Release|Any CPU.Build.0 = Release|Any CPU
		{DBAE4EFC-2B6B-455B-A337-F8CECA071828}.Debug|Any CPU.ActiveCfg = Debug|Any CPU
		{DBAE4EFC-2B6B-455B-A337-F8CECA071828}.Debug|Any CPU.Build.0 = Debug|Any CPU
		{DBAE4EFC-2B6B-455B-A337-F8CECA071828}.Release|Any CPU.ActiveCfg = Release|Any CPU
		{DBAE4EFC-2B6B-455B-A337-F8CECA071828}.Release|Any CPU.Build.0 = Release|Any CPU
		{A1A860A0-7097-4308-994C-D35B3A4CFD63}.Debug|Any CPU.ActiveCfg = Debug|Any CPU
		{A1A860A0-7097-4308-994C-D35B3A4CFD63}.Debug|Any CPU.Build.0 = Debug|Any CPU
		{A1A860A0-7097-4308-994C-D35B3A4CFD63}.Release|Any CPU.ActiveCfg = Release|Any CPU
		{A1A860A0-7097-4308-994C-D35B3A4CFD63}.Release|Any CPU.Build.0 = Release|Any CPU
		{95BAEB8A-5F2D-41DF-9347-BB294C3C37C3}.Debug|Any CPU.ActiveCfg = Debug|Any CPU
		{95BAEB8A-5F2D-41DF-9347-BB294C3C37C3}.Debug|Any CPU.Build.0 = Debug|Any CPU
		{95BAEB8A-5F2D-41DF-9347-BB294C3C37C3}.Release|Any CPU.ActiveCfg = Release|Any CPU
		{95BAEB8A-5F2D-41DF-9347-BB294C3C37C3}.Release|Any CPU.Build.0 = Release|Any CPU
		{88385AAB-774B-48E1-BC67-492DF438EDDE}.Debug|Any CPU.ActiveCfg = Debug|Any CPU
		{88385AAB-774B-48E1-BC67-492DF438EDDE}.Debug|Any CPU.Build.0 = Debug|Any CPU
		{88385AAB-774B-48E1-BC67-492DF438EDDE}.Release|Any CPU.ActiveCfg = Release|Any CPU
		{88385AAB-774B-48E1-BC67-492DF438EDDE}.Release|Any CPU.Build.0 = Release|Any CPU
		{CC257C1A-88BC-4A01-A07C-E096AE22A7EE}.Debug|Any CPU.ActiveCfg = Debug|Any CPU
		{CC257C1A-88BC-4A01-A07C-E096AE22A7EE}.Debug|Any CPU.Build.0 = Debug|Any CPU
		{CC257C1A-88BC-4A01-A07C-E096AE22A7EE}.Release|Any CPU.ActiveCfg = Release|Any CPU
		{CC257C1A-88BC-4A01-A07C-E096AE22A7EE}.Release|Any CPU.Build.0 = Release|Any CPU
	EndGlobalSection
	GlobalSection(SolutionProperties) = preSolution
		HideSolutionNode = FALSE
	EndGlobalSection
	GlobalSection(NestedProjects) = preSolution
		{C52B89D8-3381-415D-A613-F98A6F2A7F0B} = {2CE9CDFC-4EE3-4DB2-82A7-41AC2B468700}
		{35318A13-21B2-44C6-9130-6B77D60239C2} = {2CE9CDFC-4EE3-4DB2-82A7-41AC2B468700}
		{B486EDDE-3B45-4FB2-8F34-F0785630042A} = {2CE9CDFC-4EE3-4DB2-82A7-41AC2B468700}
		{DBAE4EFC-2B6B-455B-A337-F8CECA071828} = {2CE9CDFC-4EE3-4DB2-82A7-41AC2B468700}
		{A1A860A0-7097-4308-994C-D35B3A4CFD63} = {19EC2A74-BBB3-48BA-A5A6-31097D65D91E}
		{95BAEB8A-5F2D-41DF-9347-BB294C3C37C3} = {2CE9CDFC-4EE3-4DB2-82A7-41AC2B468700}
		{88385AAB-774B-48E1-BC67-492DF438EDDE} = {19EC2A74-BBB3-48BA-A5A6-31097D65D91E}
		{CC257C1A-88BC-4A01-A07C-E096AE22A7EE} = {2CE9CDFC-4EE3-4DB2-82A7-41AC2B468700}
	EndGlobalSection
	GlobalSection(ExtensibilityGlobals) = postSolution
		SolutionGuid = {F5B278DA-572B-4CAD-B180-FDBAA9C1F81E}
	EndGlobalSection
EndGlobal
